{
  "name": "paella-core",
  "version": "1.46.1",
  "lockfileVersion": 3,
  "requires": true,
  "packages": {
    "": {
      "name": "paella-core",
      "version": "1.46.1",
      "license": "ECL-2.0",
      "dependencies": {
        "hls.js": "^1.0.4"
      },
      "devDependencies": {}
    },
    "node_modules/hls.js": {
      "version": "1.4.12",
      "resolved": "https://registry.npmjs.org/hls.js/-/hls.js-1.4.12.tgz",
      "integrity": "sha512-1RBpx2VihibzE3WE9kGoVCtrhhDWTzydzElk/kyRbEOLnb1WIE+3ZabM/L8BqKFTCL3pUy4QzhXgD1Q6Igr1JA=="
    }
  }
}
